
Microsoft Visual Studio Solution File, Format Version 12.00
# Visual Studio Version 16
VisualStudioVersion = 16.0.30907.101
MinimumVisualStudioVersion = 10.0.40219.1
Project("{FAE04EC0-301F-11D3-BF4B-00C04F79EFBC}") = "MK8-Voice-Porter", "MK8-Voice-Porter\MK8-Voice-Porter.csproj", "{31A1E28E-DF96-4CC6-9D6B-720122D9E84A}"
EndProject
Global
	GlobalSection(SolutionConfigurationPlatforms) = preSolution
		Debug|Any CPU = Debug|Any CPU
		Release|Any CPU = Release|Any CPU
	EndGlobalSection
	GlobalSection(ProjectConfigurationPlatforms) = postSolution
		{31A1E28E-DF96-4CC6-9D6B-720122D9E84A}.Debug|Any CPU.ActiveCfg = Debug|Any CPU
		{31A1E28E-DF96-4CC6-9D6B-720122D9E84A}.Debug|Any CPU.Build.0 = Debug|Any CPU
		{31A1E28E-DF96-4CC6-9D6B-720122D9E84A}.Release|Any CPU.ActiveCfg = Release|Any CPU
		{31A1E28E-DF96-4CC6-9D6B-720122D9E84A}.Release|Any CPU.Build.0 = Release|Any CPU
	EndGlobalSection
	GlobalSection(SolutionProperties) = preSolution
		HideSolutionNode = FALSE
	EndGlobalSection
	GlobalSection(ExtensibilityGlobals) = postSolution
		SolutionGuid = {7D557769-8F4A-4569-860E-0C06E313BF15}
	EndGlobalSection
EndGlobal
